
Microsoft Visual Studio Solution File, Format Version 12.00
# Visual Studio 14
VisualStudioVersion = 14.0.24720.0
MinimumVisualStudioVersion = 10.0.40219.1
Project("{FAE04EC0-301F-11D3-BF4B-00C04F79EFBC}") = "CandidateExpenses", "CandidateExpenses\CandidateExpenses.csproj", "{35D2D563-4C0D-4D4C-9134-44FAF9A981DD}"
EndProject
Project("{FAE04EC0-301F-11D3-BF4B-00C04F79EFBC}") = "CandidateExpenses.Tests", "CandidateExpenses.Tests\CandidateExpenses.Tests.csproj", "{D5050165-9E0C-48D6-95C6-10CA49C01092}"
EndProject
Global
	GlobalSection(SolutionConfigurationPlatforms) = preSolution
		Debug|Any CPU = Debug|Any CPU
		Release|Any CPU = Release|Any CPU
	EndGlobalSection
	GlobalSection(ProjectConfigurationPlatforms) = postSolution
		{35D2D563-4C0D-4D4C-9134-44FAF9A981DD}.Debug|Any CPU.ActiveCfg = Debug|Any CPU
		{35D2D563-4C0D-4D4C-9134-44FAF9A981DD}.Debug|Any CPU.Build.0 = Debug|Any CPU
		{35D2D563-4C0D-4D4C-9134-44FAF9A981DD}.Release|Any CPU.ActiveCfg = Release|Any CPU
		{35D2D563-4C0D-4D4C-9134-44FAF9A981DD}.Release|Any CPU.Build.0 = Release|Any CPU
		{D5050165-9E0C-48D6-95C6-10CA49C01092}.Debug|Any CPU.ActiveCfg = Debug|Any CPU
		{D5050165-9E0C-48D6-95C6-10CA49C01092}.Debug|Any CPU.Build.0 = Debug|Any CPU
		{D5050165-9E0C-48D6-95C6-10CA49C01092}.Release|Any CPU.ActiveCfg = Release|Any CPU
		{D5050165-9E0C-48D6-95C6-10CA49C01092}.Release|Any CPU.Build.0 = Release|Any CPU
	EndGlobalSection
	GlobalSection(SolutionProperties) = preSolution
		HideSolutionNode = FALSE
	EndGlobalSection
EndGlobal
